
Microsoft Visual Studio Solution File, Format Version 12.00
# Visual Studio Version 17
VisualStudioVersion = 17.8.34309.116
MinimumVisualStudioVersion = 10.0.40219.1
Project("{8BC9CEB8-8B4A-11D0-8D11-00A0C91BC942}") = "Machining Simulation", "Machining Simulation\Machining Simulation.vcxproj", "{844BA114-742B-4318-8DFD-EA36F9DCB654}"
EndProject
Global
	GlobalSection(SolutionConfigurationPlatforms) = preSolution
		Debug|x64 = Debug|x64
		Debug|x86 = Debug|x86
		Release|x64 = Release|x64
		Release|x86 = Release|x86
	EndGlobalSection
	GlobalSection(ProjectConfigurationPlatforms) = postSolution
		{844BA114-742B-4318-8DFD-EA36F9DCB654}.Debug|x64.ActiveCfg = Debug|x64
		{844BA114-742B-4318-8DFD-EA36F9DCB654}.Debug|x64.Build.0 = Debug|x64
		{844BA114-742B-4318-8DFD-EA36F9DCB654}.Debug|x86.ActiveCfg = Debug|Win32
		{844BA114-742B-4318-8DFD-EA36F9DCB654}.Debug|x86.Build.0 = Debug|Win32
		{844BA114-742B-4318-8DFD-EA36F9DCB654}.Release|x64.ActiveCfg = Release|x64
		{844BA114-742B-4318-8DFD-EA36F9DCB654}.Release|x64.Build.0 = Release|x64
		{844BA114-742B-4318-8DFD-EA36F9DCB654}.Release|x86.ActiveCfg = Release|Win32
		{844BA114-742B-4318-8DFD-EA36F9DCB654}.Release|x86.Build.0 = Release|Win32
	EndGlobalSection
	GlobalSection(SolutionProperties) = preSolution
		HideSolutionNode = FALSE
	EndGlobalSection
	GlobalSection(ExtensibilityGlobals) = postSolution
		SolutionGuid = {0B7EC67F-08F1-4F53-8317-2AFF8B45363C}
	EndGlobalSection
EndGlobal
